
Microsoft Visual Studio Solution File, Format Version 12.00
# Visual Studio Version 16
VisualStudioVersion = 16.0.31424.327
MinimumVisualStudioVersion = 10.0.40219.1
Project("{FAE04EC0-301F-11D3-BF4B-00C04F79EFBC}") = "MidnightBlues.Android", "MidnightBlues\MidnightBlues.Android\MidnightBlues.Android.csproj", "{E6F24AFC-E0E3-40B6-87A6-83CE8DFFF792}"
EndProject
Project("{FAE04EC0-301F-11D3-BF4B-00C04F79EFBC}") = "MidnightBlues.iOS", "MidnightBlues\MidnightBlues.iOS\MidnightBlues.iOS.csproj", "{80694723-2F8E-4669-ABA6-898E2BBD64E6}"
EndProject
Project("{FAE04EC0-301F-11D3-BF4B-00C04F79EFBC}") = "MidnightBlues", "MidnightBlues\MidnightBlues\MidnightBlues.csproj", "{1197E3B1-D66C-4D33-BBEF-C1139FE1DDE5}"
EndProject
Global
	GlobalSection(SolutionConfigurationPlatforms) = preSolution
		Debug|Any CPU = Debug|Any CPU
		Debug|iPhone = Debug|iPhone
		Debug|iPhoneSimulator = Debug|iPhoneSimulator
		Release|Any CPU = Release|Any CPU
		Release|iPhone = Release|iPhone
		Release|iPhoneSimulator = Release|iPhoneSimulator
	EndGlobalSection
	GlobalSection(ProjectConfigurationPlatforms) = postSolution
		{E6F24AFC-E0E3-40B6-87A6-83CE8DFFF792}.Debug|Any CPU.ActiveCfg = Debug|Any CPU
		{E6F24AFC-E0E3-40B6-87A6-83CE8DFFF792}.Debug|Any CPU.Build.0 = Debug|Any CPU
		{E6F24AFC-E0E3-40B6-87A6-83CE8DFFF792}.Debug|Any CPU.Deploy.0 = Debug|Any CPU
		{E6F24AFC-E0E3-40B6-87A6-83CE8DFFF792}.Debug|iPhone.ActiveCfg = Debug|Any CPU
		{E6F24AFC-E0E3-40B6-87A6-83CE8DFFF792}.Debug|iPhone.Build.0 = Debug|Any CPU
		{E6F24AFC-E0E3-40B6-87A6-83CE8DFFF792}.Debug|iPhone.Deploy.0 = Debug|Any CPU
		{E6F24AFC-E0E3-40B6-87A6-83CE8DFFF792}.Debug|iPhoneSimulator.ActiveCfg = Debug|Any CPU
		{E6F24AFC-E0E3-40B6-87A6-83CE8DFFF792}.Debug|iPhoneSimulator.Build.0 = Debug|Any CPU
		{E6F24AFC-E0E3-40B6-87A6-83CE8DFFF792}.Debug|iPhoneSimulator.Deploy.0 = Debug|Any CPU
		{E6F24AFC-E0E3-40B6-87A6-83CE8DFFF792}.Release|Any CPU.ActiveCfg = Release|Any CPU
		{E6F24AFC-E0E3-40B6-87A6-83CE8DFFF792}.Release|Any CPU.Build.0 = Release|Any CPU
		{E6F24AFC-E0E3-40B6-87A6-83CE8DFFF792}.Release|Any CPU.Deploy.0 = Release|Any CPU
		{E6F24AFC-E0E3-40B6-87A6-83CE8DFFF792}.Release|iPhone.ActiveCfg = Release|Any CPU
		{E6F24AFC-E0E3-40B6-87A6-83CE8DFFF792}.Release|iPhone.Build.0 = Release|Any CPU
		{E6F24AFC-E0E3-40B6-87A6-83CE8DFFF792}.Release|iPhone.Deploy.0 = Release|Any CPU
		{E6F24AFC-E0E3-40B6-87A6-83CE8DFFF792}.Release|iPhoneSimulator.ActiveCfg = Release|Any CPU
		{E6F24AFC-E0E3-40B6-87A6-83CE8DFFF792}.Release|iPhoneSimulator.Build.0 = Release|Any CPU
		{E6F24AFC-E0E3-40B6-87A6-83CE8DFFF792}.Release|iPhoneSimulator.Deploy.0 = Release|Any CPU
		{80694723-2F8E-4669-ABA6-898E2BBD64E6}.Debug|Any CPU.ActiveCfg = Debug|iPhone
		{80694723-2F8E-4669-ABA6-898E2BBD64E6}.Debug|Any CPU.Build.0 = Debug|iPhone
		{80694723-2F8E-4669-ABA6-898E2BBD64E6}.Debug|Any CPU.Deploy.0 = Debug|iPhone
		{80694723-2F8E-4669-ABA6-898E2BBD64E6}.Debug|iPhone.ActiveCfg = Debug|iPhone
		{80694723-2F8E-4669-ABA6-898E2BBD64E6}.Debug|iPhone.Build.0 = Debug|iPhone
		{80694723-2F8E-4669-ABA6-898E2BBD64E6}.Debug|iPhone.Deploy.0 = Debug|iPhone
		{80694723-2F8E-4669-ABA6-898E2BBD64E6}.Debug|iPhoneSimulator.ActiveCfg = Debug|iPhoneSimulator
		{80694723-2F8E-4669-ABA6-898E2BBD64E6}.Debug|iPhoneSimulator.Build.0 = Debug|iPhoneSimulator
		{80694723-2F8E-4669-ABA6-898E2BBD64E6}.Debug|iPhoneSimulator.Deploy.0 = Debug|iPhoneSimulator
		{80694723-2F8E-4669-ABA6-898E2BBD64E6}.Release|Any CPU.ActiveCfg = Release|iPhoneSimulator
		{80694723-2F8E-4669-ABA6-898E2BBD64E6}.Release|Any CPU.Build.0 = Release|iPhoneSimulator
		{80694723-2F8E-4669-ABA6-898E2BBD64E6}.Release|Any CPU.Deploy.0 = Release|iPhoneSimulator
		{80694723-2F8E-4669-ABA6-898E2BBD64E6}.Release|iPhone.ActiveCfg = Release|iPhone
		{80694723-2F8E-4669-ABA6-898E2BBD64E6}.Release|iPhone.Build.0 = Release|iPhone
		{80694723-2F8E-4669-ABA6-898E2BBD64E6}.Release|iPhone.Deploy.0 = Release|iPhone
		{80694723-2F8E-4669-ABA6-898E2BBD64E6}.Release|iPhoneSimulator.ActiveCfg = Release|iPhoneSimulator
		{80694723-2F8E-4669-ABA6-898E2BBD64E6}.Release|iPhoneSimulator.Build.0 = Release|iPhoneSimulator
		{80694723-2F8E-4669-ABA6-898E2BBD64E6}.Release|iPhoneSimulator.Deploy.0 = Release|iPhoneSimulator
		{1197E3B1-D66C-4D33-BBEF-C1139FE1DDE5}.Debug|Any CPU.ActiveCfg = Debug|Any CPU
		{1197E3B1-D66C-4D33-BBEF-C1139FE1DDE5}.Debug|Any CPU.Build.0 = Debug|Any CPU
		{1197E3B1-D66C-4D33-BBEF-C1139FE1DDE5}.Debug|Any CPU.Deploy.0 = Debug|Any CPU
		{1197E3B1-D66C-4D33-BBEF-C1139FE1DDE5}.Debug|iPhone.ActiveCfg = Debug|Any CPU
		{1197E3B1-D66C-4D33-BBEF-C1139FE1DDE5}.Debug|iPhone.Build.0 = Debug|Any CPU
		{1197E3B1-D66C-4D33-BBEF-C1139FE1DDE5}.Debug|iPhone.Deploy.0 = Debug|Any CPU
		{1197E3B1-D66C-4D33-BBEF-C1139FE1DDE5}.Debug|iPhoneSimulator.ActiveCfg = Debug|Any CPU
		{1197E3B1-D66C-4D33-BBEF-C1139FE1DDE5}.Debug|iPhoneSimulator.Build.0 = Debug|Any CPU
		{1197E3B1-D66C-4D33-BBEF-C1139FE1DDE5}.Debug|iPhoneSimulator.Deploy.0 = Debug|Any CPU
		{1197E3B1-D66C-4D33-BBEF-C1139FE1DDE5}.Release|Any CPU.ActiveCfg = Release|Any CPU
		{1197E3B1-D66C-4D33-BBEF-C1139FE1DDE5}.Release|Any CPU.Build.0 = Release|Any CPU
		{1197E3B1-D66C-4D33-BBEF-C1139FE1DDE5}.Release|Any CPU.Deploy.0 = Release|Any CPU
		{1197E3B1-D66C-4D33-BBEF-C1139FE1DDE5}.Release|iPhone.ActiveCfg = Release|Any CPU
		{1197E3B1-D66C-4D33-BBEF-C1139FE1DDE5}.Release|iPhone.Build.0 = Release|Any CPU
		{1197E3B1-D66C-4D33-BBEF-C1139FE1DDE5}.Release|iPhone.Deploy.0 = Release|Any CPU
		{1197E3B1-D66C-4D33-BBEF-C1139FE1DDE5}.Release|iPhoneSimulator.ActiveCfg = Release|Any CPU
		{1197E3B1-D66C-4D33-BBEF-C1139FE1DDE5}.Release|iPhoneSimulator.Build.0 = Release|Any CPU
		{1197E3B1-D66C-4D33-BBEF-C1139FE1DDE5}.Release|iPhoneSimulator.Deploy.0 = Release|Any CPU
	EndGlobalSection
	GlobalSection(SolutionProperties) = preSolution
		HideSolutionNode = FALSE
	EndGlobalSection
	GlobalSection(ExtensibilityGlobals) = postSolution
		SolutionGuid = {646D4C6A-299A-4586-A830-753F6D5F0A8F}
	EndGlobalSection
EndGlobal
